
Microsoft Visual Studio Solution File, Format Version 12.00
# Visual Studio Version 16
VisualStudioVersion = 16.0.31624.102
MinimumVisualStudioVersion = 10.0.40219.1
Project("{8BC9CEB8-8B4A-11D0-8D11-00A0C91BC942}") = "DriverLoader", "DriverLoader\DriverLoader.vcxproj", "{0380704C-2E20-497D-A912-6750B8160438}"
EndProject
Project("{8BC9CEB8-8B4A-11D0-8D11-00A0C91BC942}") = "SampleClient", "SampleClient\SampleClient.vcxproj", "{8EC0AC76-276F-4EFD-BB0A-495FAA125EF9}"
EndProject
Project("{8BC9CEB8-8B4A-11D0-8D11-00A0C91BC942}") = "SampleDriver", "SampleDriver\SampleDriver.vcxproj", "{604727C5-1445-43B0-AAC1-361C3271693E}"
EndProject
Global
	GlobalSection(SolutionConfigurationPlatforms) = preSolution
		Debug|ARM = Debug|ARM
		Debug|ARM64 = Debug|ARM64
		Debug|x64 = Debug|x64
		Debug|x86 = Debug|x86
		Release|ARM = Release|ARM
		Release|ARM64 = Release|ARM64
		Release|x64 = Release|x64
		Release|x86 = Release|x86
	EndGlobalSection
	GlobalSection(ProjectConfigurationPlatforms) = postSolution
		{0380704C-2E20-497D-A912-6750B8160438}.Debug|ARM.ActiveCfg = Debug|ARM
		{0380704C-2E20-497D-A912-6750B8160438}.Debug|ARM.Build.0 = Debug|ARM
		{0380704C-2E20-497D-A912-6750B8160438}.Debug|ARM.Deploy.0 = Debug|ARM
		{0380704C-2E20-497D-A912-6750B8160438}.Debug|ARM64.ActiveCfg = Debug|ARM64
		{0380704C-2E20-497D-A912-6750B8160438}.Debug|ARM64.Build.0 = Debug|ARM64
		{0380704C-2E20-497D-A912-6750B8160438}.Debug|ARM64.Deploy.0 = Debug|ARM64
		{0380704C-2E20-497D-A912-6750B8160438}.Debug|x64.ActiveCfg = Debug|x64
		{0380704C-2E20-497D-A912-6750B8160438}.Debug|x64.Build.0 = Debug|x64
		{0380704C-2E20-497D-A912-6750B8160438}.Debug|x64.Deploy.0 = Debug|x64
		{0380704C-2E20-497D-A912-6750B8160438}.Debug|x86.ActiveCfg = Debug|Win32
		{0380704C-2E20-497D-A912-6750B8160438}.Debug|x86.Build.0 = Debug|Win32
		{0380704C-2E20-497D-A912-6750B8160438}.Debug|x86.Deploy.0 = Debug|Win32
		{0380704C-2E20-497D-A912-6750B8160438}.Release|ARM.ActiveCfg = Release|ARM
		{0380704C-2E20-497D-A912-6750B8160438}.Release|ARM.Build.0 = Release|ARM
		{0380704C-2E20-497D-A912-6750B8160438}.Release|ARM.Deploy.0 = Release|ARM
		{0380704C-2E20-497D-A912-6750B8160438}.Release|ARM64.ActiveCfg = Release|ARM64
		{0380704C-2E20-497D-A912-6750B8160438}.Release|ARM64.Build.0 = Release|ARM64
		{0380704C-2E20-497D-A912-6750B8160438}.Release|ARM64.Deploy.0 = Release|ARM64
		{0380704C-2E20-497D-A912-6750B8160438}.Release|x64.ActiveCfg = Release|x64
		{0380704C-2E20-497D-A912-6750B8160438}.Release|x64.Build.0 = Release|x64
		{0380704C-2E20-497D-A912-6750B8160438}.Release|x64.Deploy.0 = Release|x64
		{0380704C-2E20-497D-A912-6750B8160438}.Release|x86.ActiveCfg = Release|Win32
		{0380704C-2E20-497D-A912-6750B8160438}.Release|x86.Build.0 = Release|Win32
		{0380704C-2E20-497D-A912-6750B8160438}.Release|x86.Deploy.0 = Release|Win32
		{8EC0AC76-276F-4EFD-BB0A-495FAA125EF9}.Debug|ARM.ActiveCfg = Debug|Win32
		{8EC0AC76-276F-4EFD-BB0A-495FAA125EF9}.Debug|ARM64.ActiveCfg = Debug|Win32
		{8EC0AC76-276F-4EFD-BB0A-495FAA125EF9}.Debug|x64.ActiveCfg = Debug|x64
		{8EC0AC76-276F-4EFD-BB0A-495FAA125EF9}.Debug|x64.Build.0 = Debug|x64
		{8EC0AC76-276F-4EFD-BB0A-495FAA125EF9}.Debug|x86.ActiveCfg = Debug|Win32
		{8EC0AC76-276F-4EFD-BB0A-495FAA125EF9}.Debug|x86.Build.0 = Debug|Win32
		{8EC0AC76-276F-4EFD-BB0A-495FAA125EF9}.Release|ARM.ActiveCfg = Release|Win32
		{8EC0AC76-276F-4EFD-BB0A-495FAA125EF9}.Release|ARM64.ActiveCfg = Release|Win32
		{8EC0AC76-276F-4EFD-BB0A-495FAA125EF9}.Release|x64.ActiveCfg = Release|x64
		{8EC0AC76-276F-4EFD-BB0A-495FAA125EF9}.Release|x64.Build.0 = Release|x64
		{8EC0AC76-276F-4EFD-BB0A-495FAA125EF9}.Release|x86.ActiveCfg = Release|Win32
		{8EC0AC76-276F-4EFD-BB0A-495FAA125EF9}.Release|x86.Build.0 = Release|Win32
		{604727C5-1445-43B0-AAC1-361C3271693E}.Debug|ARM.ActiveCfg = Debug|ARM
		{604727C5-1445-43B0-AAC1-361C3271693E}.Debug|ARM.Build.0 = Debug|ARM
		{604727C5-1445-43B0-AAC1-361C3271693E}.Debug|ARM.Deploy.0 = Debug|ARM
		{604727C5-1445-43B0-AAC1-361C3271693E}.Debug|ARM64.ActiveCfg = Debug|ARM64
		{604727C5-1445-43B0-AAC1-361C3271693E}.Debug|ARM64.Build.0 = Debug|ARM64
		{604727C5-1445-43B0-AAC1-361C3271693E}.Debug|ARM64.Deploy.0 = Debug|ARM64
		{604727C5-1445-43B0-AAC1-361C3271693E}.Debug|x64.ActiveCfg = Debug|x64
		{604727C5-1445-43B0-AAC1-361C3271693E}.Debug|x64.Build.0 = Debug|x64
		{604727C5-1445-43B0-AAC1-361C3271693E}.Debug|x64.Deploy.0 = Debug|x64
		{604727C5-1445-43B0-AAC1-361C3271693E}.Debug|x86.ActiveCfg = Debug|Win32
		{604727C5-1445-43B0-AAC1-361C3271693E}.Debug|x86.Build.0 = Debug|Win32
		{604727C5-1445-43B0-AAC1-361C3271693E}.Debug|x86.Deploy.0 = Debug|Win32
		{604727C5-1445-43B0-AAC1-361C3271693E}.Release|ARM.ActiveCfg = Release|ARM
		{604727C5-1445-43B0-AAC1-361C3271693E}.Release|ARM.Build.0 = Release|ARM
		{604727C5-1445-43B0-AAC1-361C3271693E}.Release|ARM.Deploy.0 = Release|ARM
		{604727C5-1445-43B0-AAC1-361C3271693E}.Release|ARM64.ActiveCfg = Release|ARM64
		{604727C5-1445-43B0-AAC1-361C3271693E}.Release|ARM64.Build.0 = Release|ARM64
		{604727C5-1445-43B0-AAC1-361C3271693E}.Release|ARM64.Deploy.0 = Release|ARM64
		{604727C5-1445-43B0-AAC1-361C3271693E}.Release|x64.ActiveCfg = Release|x64
		{604727C5-1445-43B0-AAC1-361C3271693E}.Release|x64.Build.0 = Release|x64
		{604727C5-1445-43B0-AAC1-361C3271693E}.Release|x64.Deploy.0 = Release|x64
		{604727C5-1445-43B0-AAC1-361C3271693E}.Release|x86.ActiveCfg = Release|Win32
		{604727C5-1445-43B0-AAC1-361C3271693E}.Release|x86.Build.0 = Release|Win32
		{604727C5-1445-43B0-AAC1-361C3271693E}.Release|x86.Deploy.0 = Release|Win32
	EndGlobalSection
	GlobalSection(SolutionProperties) = preSolution
		HideSolutionNode = FALSE
	EndGlobalSection
	GlobalSection(ExtensibilityGlobals) = postSolution
		SolutionGuid = {B59A4EFB-45B7-433E-987F-8D37521CFA84}
	EndGlobalSection
EndGlobal
